lockfileVersion: '9.0'

settings:
  autoInstallPeers: true
  excludeLinksFromLockfile: false

importers:

  .:
    dependencies:
      framer-motion:
        specifier: ^12.6.3
        version: 12.38.0(react@19.2.4)
      lucide-react:
        specifier: ^0.487.0
        version: 0.487.0(react@19.2.4)
    devDependencies:
      autoprefixer:
        specifier: ^10.4.23
        version: 10.4.27(postcss@8.5.8)
      postcss:
        specifier: ^8.5.6
        version: 8.5.8
      tailwindcss:
        specifier: ^4.1.18
        version: 4.2.2

packages:

  autoprefixer@10.4.27:
    resolution: {integrity: sha512-NP9APE+tO+LuJGn7/9+cohklunJsXWiaWEfV3si4Gi/XHDwVNgkwr1J3RQYFIvPy76GmJ9/bW8vyoU1LcxwKHA==}
    engines: {node: ^10 || ^12 || >=14}
    hasBin: true
    peerDependencies:
      postcss: ^8.1.0

  baseline-browser-mapping@2.10.12:
    resolution: {integrity: sha512-qyq26DxfY4awP2gIRXhhLWfwzwI+N5Nxk6iQi8EFizIaWIjqicQTE4sLnZZVdeKPRcVNoJOkkpfzoIYuvCKaIQ==}
    engines: {node: '>=6.0.0'}
    hasBin: true

  browserslist@4.28.1:
    resolution: {integrity: sha512-ZC5Bd0LgJXgwGqUknZY/vkUQ04r8NXnJZ3yYi4vDmSiZmC/pdSN0NbNRPxZpbtO4uAfDUAFffO8IZoM3Gj8IkA==}
    engines: {node: ^6 || ^7 || ^8 || ^9 || ^10 || ^11 || ^12 || >=13.7}
    hasBin: true

  caniuse-lite@1.0.30001782:
    resolution: {integrity: sha512-dZcaJLJeDMh4rELYFw1tvSn1bhZWYFOt468FcbHHxx/Z/dFidd1I6ciyFdi3iwfQCyOjqo9upF6lGQYtMiJWxw==}

  electron-to-chromium@1.5.329:
    resolution: {integrity: sha512-/4t+AS1l4S3ZC0Ja7PHFIWeBIxGA3QGqV8/yKsP36v7NcyUCl+bIcmw6s5zVuMIECWwBrAK/6QLzTmbJChBboQ==}

  escalade@3.2.0:
    resolution: {integrity: sha512-WUj2qlxaQtO4g6Pq5c29GTcWGDyd8itL8zTlipgECz3JesAiiOKotd8JU6otB3PACgG6xkJUyVhboMS+bje/jA==}
    engines: {node: '>=6'}

  fraction.js@5.3.4:
    resolution: {integrity: sha512-1X1NTtiJphryn/uLQz3whtY6jK3fTqoE3ohKs0tT+Ujr1W59oopxmoEh7Lu5p6vBaPbgoM0bzveAW4Qi5RyWDQ==}

  framer-motion@12.38.0:
    resolution: {integrity: sha512-rFYkY/pigbcswl1XQSb7q424kSTQ8q6eAC+YUsSKooHQYuLdzdHjrt6uxUC+PRAO++q5IS7+TamgIw1AphxR+g==}
    peerDependencies:
      '@emotion/is-prop-valid': '*'
      react: ^18.0.0 || ^19.0.0
      react-dom: ^18.0.0 || ^19.0.0
    peerDependenciesMeta:
      '@emotion/is-prop-valid':
        optional: true
      react:
        optional: true
      react-dom:
        optional: true

  lucide-react@0.487.0:
    resolution: {integrity: sha512-aKqhOQ+YmFnwq8dWgGjOuLc8V1R9/c/yOd+zDY4+ohsR2Jo05lSGc3WsstYPIzcTpeosN7LoCkLReUUITvaIvw==}
    peerDependencies:
      react: ^16.5.1 || ^17.0.0 || ^18.0.0 || ^19.0.0

  motion-dom@12.38.0:
    resolution: {integrity: sha512-pdkHLD8QYRp8VfiNLb8xIBJis1byQ9gPT3Jnh2jqfFtAsWUA3dEepDlsWe/xMpO8McV+VdpKVcp+E+TGJEtOoA==}

  motion-utils@12.36.0:
    resolution: {integrity: sha512-eHWisygbiwVvf6PZ1vhaHCLamvkSbPIeAYxWUuL3a2PD/TROgE7FvfHWTIH4vMl798QLfMw15nRqIaRDXTlYRg==}

  nanoid@3.3.11:
    resolution: {integrity: sha512-N8SpfPUnUp1bK+PMYW8qSWdl9U+wwNWI4QKxOYDy9JAro3WMX7p2OeVRF9v+347pnakNevPmiHhNmZ2HbFA76w==}
    engines: {node: ^10 || ^12 || ^13.7 || ^14 || >=15.0.1}
    hasBin: true

  node-releases@2.0.36:
    resolution: {integrity: sha512-TdC8FSgHz8Mwtw9g5L4gR/Sh9XhSP/0DEkQxfEFXOpiul5IiHgHan2VhYYb6agDSfp4KuvltmGApc8HMgUrIkA==}

  picocolors@1.1.1:
    resolution: {integrity: sha512-xceH2snhtb5M9liqDsmEw56le376mTZkEX/jEb/RxNFyegNul7eNslCXP9FDj/Lcu0X8KEyMceP2ntpaHrDEVA==}

  postcss-value-parser@4.2.0:
    resolution: {integrity: sha512-1NNCs6uurfkVbeXG4S8JFT9t19m45ICnif8zWLd5oPSZ50QnwMfK+H3jv408d4jw/7Bttv5axS5IiHoLaVNHeQ==}

  postcss@8.5.8:
    resolution: {integrity: sha512-OW/rX8O/jXnm82Ey1k44pObPtdblfiuWnrd8X7GJ7emImCOstunGbXUpp7HdBrFQX6rJzn3sPT397Wp5aCwCHg==}
    engines: {node: ^10 || ^12 || >=14}

  react@19.2.4:
    resolution: {integrity: sha512-9nfp2hYpCwOjAN+8TZFGhtWEwgvWHXqESH8qT89AT/lWklpLON22Lc8pEtnpsZz7VmawabSU0gCjnj8aC0euHQ==}
    engines: {node: '>=0.10.0'}

  source-map-js@1.2.1:
    resolution: {integrity: sha512-UXWMKhLOwVKb728IUtQPXxfYU+usdybtUrK/8uGE8CQMvrhOpwvzDBwj0QhSL7MQc7vIsISBG8VQ8+IDQxpfQA==}
    engines: {node: '>=0.10.0'}

  tailwindcss@4.2.2:
    resolution: {integrity: sha512-KWBIxs1Xb6NoLdMVqhbhgwZf2PGBpPEiwOqgI4pFIYbNTfBXiKYyWoTsXgBQ9WFg/OlhnvHaY+AEpW7wSmFo2Q==}

  tslib@2.8.1:
    resolution: {integrity: sha512-oJFu94HQb+KVduSUQL7wnpmqnfmLsOA/nAh6b6EH0wCEoK0/mPeXU6c3wKDV83MkOuHPRHtSXKKU99IBazS/2w==}

  update-browserslist-db@1.2.3:
    resolution: {integrity: sha512-Js0m9cx+qOgDxo0eMiFGEueWztz+d4+M3rGlmKPT+T4IS/jP4ylw3Nwpu6cpTTP8R1MAC1kF4VbdLt3ARf209w==}
    hasBin: true
    peerDependencies:
      browserslist: '>= 4.21.0'

snapshots:

  autoprefixer@10.4.27(postcss@8.5.8):
    dependencies:
      browserslist: 4.28.1
      caniuse-lite: 1.0.30001782
      fraction.js: 5.3.4
      picocolors: 1.1.1
      postcss: 8.5.8
      postcss-value-parser: 4.2.0

  baseline-browser-mapping@2.10.12: {}

  browserslist@4.28.1:
    dependencies:
      baseline-browser-mapping: 2.10.12
      caniuse-lite: 1.0.30001782
      electron-to-chromium: 1.5.329
      node-releases: 2.0.36
      update-browserslist-db: 1.2.3(browserslist@4.28.1)

  caniuse-lite@1.0.30001782: {}

  electron-to-chromium@1.5.329: {}

  escalade@3.2.0: {}

  fraction.js@5.3.4: {}

  framer-motion@12.38.0(react@19.2.4):
    dependencies:
      motion-dom: 12.38.0
      motion-utils: 12.36.0
      tslib: 2.8.1
    optionalDependencies:
      react: 19.2.4

  lucide-react@0.487.0(react@19.2.4):
    dependencies:
      react: 19.2.4

  motion-dom@12.38.0:
    dependencies:
      motion-utils: 12.36.0

  motion-utils@12.36.0: {}

  nanoid@3.3.11: {}

  node-releases@2.0.36: {}

  picocolors@1.1.1: {}

  postcss-value-parser@4.2.0: {}

  postcss@8.5.8:
    dependencies:
      nanoid: 3.3.11
      picocolors: 1.1.1
      source-map-js: 1.2.1

  react@19.2.4: {}

  source-map-js@1.2.1: {}

  tailwindcss@4.2.2: {}

  tslib@2.8.1: {}

  update-browserslist-db@1.2.3(browserslist@4.28.1):
    dependencies:
      browserslist: 4.28.1
      escalade: 3.2.0
      picocolors: 1.1.1
